
Microsoft Visual Studio Solution File, Format Version 12.00
# Visual Studio Version 17
VisualStudioVersion = 17.14.36616.10 d17.14
MinimumVisualStudioVersion = 10.0.40219.1
Project("{FAE04EC0-301F-11D3-BF4B-00C04F79EFBC}") = "MISA.Final.Fresher", "MISA.Final.Fresher\MISA.Final.Fresher.csproj", "{2CC520CC-6494-4213-B401-E0D307026E5F}"
EndProject
Project("{FAE04EC0-301F-11D3-BF4B-00C04F79EFBC}") = "MISA.Core", "MISA.Core\MISA.Core.csproj", "{FDDCBCB1-E698-490D-83B9-BBE98558C433}"
EndProject
Project("{FAE04EC0-301F-11D3-BF4B-00C04F79EFBC}") = "MISA.Infrastructure", "MISA.Infrastructure\MISA.Infrastructure.csproj", "{81B91F17-A7E4-4AC9-9023-1749FEE9BA28}"
EndProject
Global
	GlobalSection(SolutionConfigurationPlatforms) = preSolution
		Debug|Any CPU = Debug|Any CPU
		Release|Any CPU = Release|Any CPU
	EndGlobalSection
	GlobalSection(ProjectConfigurationPlatforms) = postSolution
		{2CC520CC-6494-4213-B401-E0D307026E5F}.Debug|Any CPU.ActiveCfg = Debug|Any CPU
		{2CC520CC-6494-4213-B401-E0D307026E5F}.Debug|Any CPU.Build.0 = Debug|Any CPU
		{2CC520CC-6494-4213-B401-E0D307026E5F}.Release|Any CPU.ActiveCfg = Release|Any CPU
		{2CC520CC-6494-4213-B401-E0D307026E5F}.Release|Any CPU.Build.0 = Release|Any CPU
		{FDDCBCB1-E698-490D-83B9-BBE98558C433}.Debug|Any CPU.ActiveCfg = Debug|Any CPU
		{FDDCBCB1-E698-490D-83B9-BBE98558C433}.Debug|Any CPU.Build.0 = Debug|Any CPU
		{FDDCBCB1-E698-490D-83B9-BBE98558C433}.Release|Any CPU.ActiveCfg = Release|Any CPU
		{FDDCBCB1-E698-490D-83B9-BBE98558C433}.Release|Any CPU.Build.0 = Release|Any CPU
		{81B91F17-A7E4-4AC9-9023-1749FEE9BA28}.Debug|Any CPU.ActiveCfg = Debug|Any CPU
		{81B91F17-A7E4-4AC9-9023-1749FEE9BA28}.Debug|Any CPU.Build.0 = Debug|Any CPU
		{81B91F17-A7E4-4AC9-9023-1749FEE9BA28}.Release|Any CPU.ActiveCfg = Release|Any CPU
		{81B91F17-A7E4-4AC9-9023-1749FEE9BA28}.Release|Any CPU.Build.0 = Release|Any CPU
	EndGlobalSection
	GlobalSection(SolutionProperties) = preSolution
		HideSolutionNode = FALSE
	EndGlobalSection
	GlobalSection(ExtensibilityGlobals) = postSolution
		SolutionGuid = {63E4D6D2-7FE0-4615-B433-CF0D138A02C7}
	EndGlobalSection
EndGlobal
